
Microsoft Visual Studio Solution File, Format Version 12.00
# Visual Studio Version 16
VisualStudioVersion = 16.0.30104.148
MinimumVisualStudioVersion = 10.0.40219.1
Project("{FAE04EC0-301F-11D3-BF4B-00C04F79EFBC}") = "ideapro_30", "ideapro_30\ideapro_30.csproj", "{52FBB945-EC9A-4D18-B009-5AA24E0C16E7}"
EndProject
Global
	GlobalSection(SolutionConfigurationPlatforms) = preSolution
		Debug|Any CPU = Debug|Any CPU
		Release|Any CPU = Release|Any CPU
	EndGlobalSection
	GlobalSection(ProjectConfigurationPlatforms) = postSolution
		{52FBB945-EC9A-4D18-B009-5AA24E0C16E7}.Debug|Any CPU.ActiveCfg = Debug|Any CPU
		{52FBB945-EC9A-4D18-B009-5AA24E0C16E7}.Debug|Any CPU.Build.0 = Debug|Any CPU
		{52FBB945-EC9A-4D18-B009-5AA24E0C16E7}.Release|Any CPU.ActiveCfg = Release|Any CPU
		{52FBB945-EC9A-4D18-B009-5AA24E0C16E7}.Release|Any CPU.Build.0 = Release|Any CPU
	EndGlobalSection
	GlobalSection(SolutionProperties) = preSolution
		HideSolutionNode = FALSE
	EndGlobalSection
	GlobalSection(ExtensibilityGlobals) = postSolution
		SolutionGuid = {C1620412-0466-4CA1-95E9-B6617D54EAF8}
	EndGlobalSection
EndGlobal
